{
  "requires": true,
  "lockfileVersion": 1,
  "dependencies": {
    "rxjs": {
      "version": "5.5.9",
      "resolved": "https://registry.npmjs.org/rxjs/-/rxjs-5.5.9.tgz",
      "integrity": "sha512-DHG9AHmCmgaFWgjBcXp6NxFDmh3MvIA62GqTWmLnTzr/3oZ6h5hLD8NA+9j+GF0jEwklNIpI4KuuyLG8UWMEvQ==",
      "dev": true,
      "requires": {
        "symbol-observable": "1.0.1"
      }
    },
    "symbol-observable": {
      "version": "1.0.1",
      "resolved": "https://registry.npmjs.org/symbol-observable/-/symbol-observable-1.0.1.tgz",
      "integrity": "sha1-g0D8RwLDEi310iKI+IKD9RPT/dQ=",
      "dev": true
    }
  }
}
